uuid: bdc01a7b-e9cb-4799-80ce-d3a3b93cf1eb
langcode: en
status: true
dependencies:
  content:
    - 'block_content:content_block:071dd27e-1f76-42dc-9ba6-6198d70e5e32'
  module:
    - block_content
    - system
  theme:
    - badcamp_2019
id: frontpageblock
theme: badcamp_2019
region: content
weight: -4
provider: null
plugin: 'block_content:071dd27e-1f76-42dc-9ba6-6198d70e5e32'
settings:
  id: 'block_content:071dd27e-1f76-42dc-9ba6-6198d70e5e32'
  label: 'Save The Date'
  provider: block_content
  label_display: visible
  status: true
  info: ''
  view_mode: full
visibility:
  request_path:
    id: request_path
    pages: '<front>'
    negate: false
    context_mapping: {  }
