uuid: d78dc895-497f-4bb9-b21d-a5a108f54c42
langcode: en
status: true
dependencies:
  config:
    - field.storage.paragraph.field_block
    - paragraphs.paragraphs_type.block
  module:
    - block_field
    - custom_add_another
third_party_settings:
  custom_add_another:
    custom_add_another: ''
    custom_remove: ''
id: paragraph.block.field_block
field_name: field_block
entity_type: paragraph
bundle: block
label: Block
description: ''
required: true
translatable: false
default_value: {  }
default_value_callback: ''
settings:
  plugin_ids: {  }
field_type: block_field
